// !$*UTF8*$!
{
	archiveVersion = 1;
	classes = {
	};
	objectVersion = 46;
	objects = {

/* Begin PBXBuildFile section */
		2CAC4CA519D83E7600AA00F2 /* AppDelegate.swift in Sources */ = {isa = PBXBuildFile; fileRef = 2CAC4CA419D83E7600AA00F2 /* AppDelegate.swift */; };
		2CAC4CA719D83E7600AA00F2 /* art.scnassets in Resources */ = {isa = PBXBuildFile; fileRef = 2CAC4CA619D83E7600AA00F2 /* art.scnassets */; };
		2CAC4CA919D83E7600AA00F2 /* GameViewController.swift in Sources */ = {isa = PBXBuildFile; fileRef = 2CAC4CA819D83E7600AA00F2 /* GameViewController.swift */; };
		2CAC4CAC19D83E7600AA00F2 /* Main.storyboard in Resources */ = {isa = PBXBuildFile; fileRef = 2CAC4CAA19D83E7600AA00F2 /* Main.storyboard */; };
		2CAC4CAE19D83E7600AA00F2 /* Images.xcassets in Resources */ = {isa = PBXBuildFile; fileRef = 2CAC4CAD19D83E7600AA00F2 /* Images.xcassets */; };
		2CAC4CB119D83E7600AA00F2 /* LaunchScreen.xib in Resources */ = {isa = PBXBuildFile; fileRef = 2CAC4CAF19D83E7600AA00F2 /* LaunchScreen.xib */; };
		2CAC4CBD19D83E7600AA00F2 /* TestSceneKitTests.swift in Sources */ = {isa = PBXBuildFile; fileRef = 2CAC4CBC19D83E7600AA00F2 /* TestSceneKitTests.swift */; };
/* End PBXBuildFile section */

/* Begin PBXContainerItemProxy section */
		2CAC4CB719D83E7600AA00F2 /* PBXContainerItemProxy */ = {
			isa = PBXContainerItemProxy;
			containerPortal = 2CAC4C9719D83E7600AA00F2 /* Project object */;
			proxyType = 1;
			remoteGlobalIDString = 2CAC4C9E19D83E7600AA00F2;
			remoteInfo = TestSceneKit;
		};
/* End PBXContainerItemProxy section */

/* Begin PBXFileReference section */
		2CAC4C9F19D83E7600AA00F2 /* TestSceneKit.app */ = {isa = PBXFileReference; explicitFileType = wrapper.application; includeInIndex = 0; path = TestSceneKit.app; sourceTree = BUILT_PRODUCTS_DIR; };
		2CAC4CA319D83E7600AA00F2 /* Info.plist */ = {isa = PBXFileReference; lastKnownFileType = text.plist.xml; path = Info.plist; sourceTree = "<group>"; };
		2CAC4CA419D83E7600AA00F2 /* AppDelegate.swift */ = {isa = PBXFileReference; lastKnownFileType = sourcecode.swift; path = AppDelegate.swift; sourceTree = "<group>"; };
		2CAC4CA619D83E7600AA00F2 /* art.scnassets */ = {isa = PBXFileReference; lastKnownFileType = wrapper.scnassets; path = art.scnassets; sourceTree = "<group>"; };
		2CAC4CA819D83E7600AA00F2 /* GameViewController.swift */ = {isa = PBXFileReference; lastKnownFileType = sourcecode.swift; path = GameViewController.swift; sourceTree = "<group>"; };
		2CAC4CAB19D83E7600AA00F2 /* Base */ = {isa = PBXFileReference; lastKnownFileType = file.storyboard; name = Base; path = Base.lproj/Main.storyboard; sourceTree = "<group>"; };
		2CAC4CAD19D83E7600AA00F2 /* Images.xcassets */ = {isa = PBXFileReference; lastKnownFileType = folder.assetcatalog; path = Images.xcassets; sourceTree = "<group>"; };
		2CAC4CB019D83E7600AA00F2 /* Base */ = {isa = PBXFileReference; lastKnownFileType = file.xib; name = Base; path = Base.lproj/LaunchScreen.xib; sourceTree = "<group>"; };
		2CAC4CB619D83E7600AA00F2 /* TestSceneKitTests.xctest */ = {isa = PBXFileReference; explicitFileType = wrapper.cfbundle; includeInIndex = 0; path = TestSceneKitTests.xctest; sourceTree = BUILT_PRODUCTS_DIR; };
		2CAC4CBB19D83E7600AA00F2 /* Info.plist */ = {isa = PBXFileReference; lastKnownFileType = text.plist.xml; path = Info.plist; sourceTree = "<group>"; };
		2CAC4CBC19D83E7600AA00F2 /* TestSceneKitTests.swift */ = {isa = PBXFileReference; lastKnownFileType = sourcecode.swift; path = TestSceneKitTests.swift; sourceTree = "<group>"; };
/* End PBXFileReference section */

/* Begin PBXFrameworksBuildPhase section */
		2CAC4C9C19D83E7600AA00F2 /* Frameworks */ = {
			isa = PBXFrameworksBuildPhase;
			buildActionMask = 2147483647;
			files = (
			);
			runOnlyForDeploymentPostprocessing = 0;
		};
		2CAC4CB319D83E7600AA00F2 /* Frameworks */ = {
			isa = PBXFrameworksBuildPhase;
			buildActionMask = 2147483647;
			files = (
			);
			runOnlyForDeploymentPostprocessing = 0;
		};
/* End PBXFrameworksBuildPhase section */

/* Begin PBXGroup section */
		2CAC4C9619D83E7600AA00F2 = {
			isa = PBXGroup;
			children = (
				2CAC4CA119D83E7600AA00F2 /* TestSceneKit */,
				2CAC4CB919D83E7600AA00F2 /* TestSceneKitTests */,
				2CAC4CA019D83E7600AA00F2 /* Products */,
			);
			sourceTree = "<group>";
		};
		2CAC4CA019D83E7600AA00F2 /* Products */ = {
			isa = PBXGroup;
			children = (
				2CAC4C9F19D83E7600AA00F2 /* TestSceneKit.app */,
				2CAC4CB619D83E7600AA00F2 /* TestSceneKitTests.xctest */,
			);
			name = Products;
			sourceTree = "<group>";
		};
		2CAC4CA119D83E7600AA00F2 /* TestSceneKit */ = {
			isa = PBXGroup;
			children = (
				2CAC4CA419D83E7600AA00F2 /* AppDelegate.swift */,
				2CAC4CA619D83E7600AA00F2 /* art.scnassets */,
				2CAC4CA819D83E7600AA00F2 /* GameViewController.swift */,
				2CAC4CAA19D83E7600AA00F2 /* Main.storyboard */,
				2CAC4CAD19D83E7600AA00F2 /* Images.xcassets */,
				2CAC4CAF19D83E7600AA00F2 /* LaunchScreen.xib */,
				2CAC4CA219D83E7600AA00F2 /* Supporting Files */,
			);
			path = TestSceneKit;
			sourceTree = "<group>";
		};
		2CAC4CA219D83E7600AA00F2 /* Supporting Files */ = {
			isa = PBXGroup;
			children = (
				2CAC4CA319D83E7600AA00F2 /* Info.plist */,
			);
			name = "Supporting Files";
			sourceTree = "<group>";
		};
		2CAC4CB919D83E7600AA00F2 /* TestSceneKitTests */ = {
			isa = PBXGroup;
			children = (
				2CAC4CBC19D83E7600AA00F2 /* TestSceneKitTests.swift */,
				2CAC4CBA19D83E7600AA00F2 /* Supporting Files */,
			);
			path = TestSceneKitTests;
			sourceTree = "<group>";
		};
		2CAC4CBA19D83E7600AA00F2 /* Supporting Files */ = {
			isa = PBXGroup;
			children = (
				2CAC4CBB19D83E7600AA00F2 /* Info.plist */,
			);
			name = "Supporting Files";
			sourceTree = "<group>";
		};
/* End PBXGroup section */

/* Begin PBXNativeTarget section */
		2CAC4C9E19D83E7600AA00F2 /* TestSceneKit */ = {
			isa = PBXNativeTarget;
			buildConfigurationList = 2CAC4CC019D83E7600AA00F2 /* Build configuration list for PBXNativeTarget "TestSceneKit" */;
			buildPhases = (
				2CAC4C9B19D83E7600AA00F2 /* Sources */,
				2CAC4C9C19D83E7600AA00F2 /* Frameworks */,
				2CAC4C9D19D83E7600AA00F2 /* Resources */,
			);
			buildRules = (
			);
			dependencies = (
			);
			name = TestSceneKit;
			productName = TestSceneKit;
			productReference = 2CAC4C9F19D83E7600AA00F2 /* TestSceneKit.app */;
			productType = "com.apple.product-type.application";
		};
		2CAC4CB519D83E7600AA00F2 /* TestSceneKitTests */ = {
			isa = PBXNativeTarget;
			buildConfigurationList = 2CAC4CC319D83E7600AA00F2 /* Build configuration list for PBXNativeTarget "TestSceneKitTests" */;
			buildPhases = (
				2CAC4CB219D83E7600AA00F2 /* Sources */,
				2CAC4CB319D83E7600AA00F2 /* Frameworks */,
				2CAC4CB419D83E7600AA00F2 /* Resources */,
			);
			buildRules = (
			);
			dependencies = (
				2CAC4CB819D83E7600AA00F2 /* PBXTargetDependency */,
			);
			name = TestSceneKitTests;
			productName = TestSceneKitTests;
			productReference = 2CAC4CB619D83E7600AA00F2 /* TestSceneKitTests.xctest */;
			productType = "com.apple.product-type.bundle.unit-test";
		};
/* End PBXNativeTarget section */

/* Begin PBXProject section */
		2CAC4C9719D83E7600AA00F2 /* Project object */ = {
			isa = PBXProject;
			attributes = {
				LastUpgradeCheck = 0600;
				ORGANIZATIONNAME = metodowhite;
				TargetAttributes = {
					2CAC4C9E19D83E7600AA00F2 = {
						CreatedOnToolsVersion = 6.0.1;
					};
					2CAC4CB519D83E7600AA00F2 = {
						CreatedOnToolsVersion = 6.0.1;
						TestTargetID = 2CAC4C9E19D83E7600AA00F2;
					};
				};
			};
			buildConfigurationList = 2CAC4C9A19D83E7600AA00F2 /* Build configuration list for PBXProject "TestSceneKit" */;
			compatibilityVersion = "Xcode 3.2";
			developmentRegion = English;
			hasScannedForEncodings = 0;
			knownRegions = (
				en,
				Base,
			);
			mainGroup = 2CAC4C9619D83E7600AA00F2;
			productRefGroup = 2CAC4CA019D83E7600AA00F2 /* Products */;
			projectDirPath = "";
			projectRoot = "";
			targets = (
				2CAC4C9E19D83E7600AA00F2 /* TestSceneKit */,
				2CAC4CB519D83E7600AA00F2 /* TestSceneKitTests */,
			);
		};
/* End PBXProject section */

/* Begin PBXResourcesBuildPhase section */
		2CAC4C9D19D83E7600AA00F2 /* Resources */ = {
			isa = PBXResourcesBuildPhase;
			buildActionMask = 2147483647;
			files = (
				2CAC4CB119D83E7600AA00F2 /* LaunchScreen.xib in Resources */,
				2CAC4CAE19D83E7600AA00F2 /* Images.xcassets in Resources */,
				2CAC4CA719D83E7600AA00F2 /* art.scnassets in Resources */,
				2CAC4CAC19D83E7600AA00F2 /* Main.storyboard in Resources */,
			);
			runOnlyForDeploymentPostprocessing = 0;
		};
		2CAC4CB419D83E7600AA00F2 /* Resources */ = {
			isa = PBXResourcesBuildPhase;
			buildActionMask = 2147483647;
			files = (
			);
			runOnlyForDeploymentPostprocessing = 0;
		};
/* End PBXResourcesBuildPhase section */

/* Begin PBXSourcesBuildPhase section */
		2CAC4C9B19D83E7600AA00F2 /* Sources */ = {
			isa = PBXSourcesBuildPhase;
			buildActionMask = 2147483647;
			files = (
				2CAC4CA919D83E7600AA00F2 /* GameViewController.swift in Sources */,
				2CAC4CA519D83E7600AA00F2 /* AppDelegate.swift in Sources */,
			);
			runOnlyForDeploymentPostprocessing = 0;
		};
		2CAC4CB219D83E7600AA00F2 /* Sources */ = {
			isa = PBXSourcesBuildPhase;
			buildActionMask = 2147483647;
			files = (
				2CAC4CBD19D83E7600AA00F2 /* TestSceneKitTests.swift in Sources */,
			);
			runOnlyForDeploymentPostprocessing = 0;
		};
/* End PBXSourcesBuildPhase section */

/* Begin PBXTargetDependency section */
		2CAC4CB819D83E7600AA00F2 /* PBXTargetDependency */ = {
			isa = PBXTargetDependency;
			target = 2CAC4C9E19D83E7600AA00F2 /* TestSceneKit */;
			targetProxy = 2CAC4CB719D83E7600AA00F2 /* PBXContainerItemProxy */;
		};
/* End PBXTargetDependency section */

/* Begin PBXVariantGroup section */
		2CAC4CAA19D83E7600AA00F2 /* Main.storyboard */ = {
			isa = PBXVariantGroup;
			children = (
				2CAC4CAB19D83E7600AA00F2 /* Base */,
			);
			name = Main.storyboard;
			sourceTree = "<group>";
		};
		2CAC4CAF19D83E7600AA00F2 /* LaunchScreen.xib */ = {
			isa = PBXVariantGroup;
			children = (
				2CAC4CB019D83E7600AA00F2 /* Base */,
			);
			name = LaunchScreen.xib;
			sourceTree = "<group>";
		};
/* End PBXVariantGroup section */

/* Begin XCBuildConfiguration section */
		2CAC4CBE19D83E7600AA00F2 /* Debug */ = {
			isa = XCBuildConfiguration;
			buildSettings = {
				ALWAYS_SEARCH_USER_PATHS = NO;
				CLANG_CXX_LANGUAGE_STANDARD = "gnu++0x";
				CLANG_CXX_LIBRARY = "libc++";
				CLANG_ENABLE_MODULES = YES;
				CLANG_ENABLE_OBJC_ARC = YES;
				CLANG_WARN_BOOL_CONVERSION = YES;
				CLANG_WARN_CONSTANT_CONVERSION = YES;
				CLANG_WARN_DIRECT_OBJC_ISA_USAGE = YES_ERROR;
				CLANG_WARN_EMPTY_BODY = YES;
				CLANG_WARN_ENUM_CONVERSION = YES;
				CLANG_WARN_INT_CONVERSION = YES;
				CLANG_WARN_OBJC_ROOT_CLASS = YES_ERROR;
				CLANG_WARN_UNREACHABLE_CODE = YES;
				CLANG_WARN__DUPLICATE_METHOD_MATCH = YES;
				"CODE_SIGN_IDENTITY[sdk=iphoneos*]" = "iPhone Developer";
				COPY_PHASE_STRIP = NO;
				ENABLE_STRICT_OBJC_MSGSEND = YES;
				GCC_C_LANGUAGE_STANDARD = gnu99;
				GCC_DYNAMIC_NO_PIC = NO;
				GCC_OPTIMIZATION_LEVEL = 0;
				GCC_PREPROCESSOR_DEFINITIONS = (
					"DEBUG=1",
					"$(inherited)",
				);
				GCC_SYMBOLS_PRIVATE_EXTERN = NO;
				GCC_WARN_64_TO_32_BIT_CONVERSION = YES;
				GCC_WARN_ABOUT_RETURN_TYPE = YES_ERROR;
				GCC_WARN_UNDECLARED_SELECTOR = YES;
				GCC_WARN_UNINITIALIZED_AUTOS = YES_AGGRESSIVE;
				GCC_WARN_UNUSED_FUNCTION = YES;
				GCC_WARN_UNUSED_VARIABLE = YES;
				IPHONEOS_DEPLOYMENT_TARGET = 8.0;
				MTL_ENABLE_DEBUG_INFO = YES;
				ONLY_ACTIVE_ARCH = YES;
				SDKROOT = iphoneos;
				SWIFT_OPTIMIZATION_LEVEL = "-Onone";
			};
			name = Debug;
		};
		2CAC4CBF19D83E7600AA00F2 /* Release */ = {
			isa = XCBuildConfiguration;
			buildSettings = {
				ALWAYS_SEARCH_USER_PATHS = NO;
				CLANG_CXX_LANGUAGE_STANDARD = "gnu++0x";
				CLANG_CXX_LIBRARY = "libc++";
				CLANG_ENABLE_MODULES = YES;
				CLANG_ENABLE_OBJC_ARC = YES;
				CLANG_WARN_BOOL_CONVERSION = YES;
				CLANG_WARN_CONSTANT_CONVERSION = YES;
				CLANG_WARN_DIRECT_OBJC_ISA_USAGE = YES_ERROR;
				CLANG_WARN_EMPTY_BODY = YES;
				CLANG_WARN_ENUM_CONVERSION = YES;
				CLANG_WARN_INT_CONVERSION = YES;
				CLANG_WARN_OBJC_ROOT_CLASS = YES_ERROR;
				CLANG_WARN_UNREACHABLE_CODE = YES;
				CLANG_WARN__DUPLICATE_METHOD_MATCH = YES;
				"CODE_SIGN_IDENTITY[sdk=iphoneos*]" = "iPhone Developer";
				COPY_PHASE_STRIP = YES;
				ENABLE_NS_ASSERTIONS = NO;
				ENABLE_STRICT_OBJC_MSGSEND = YES;
				GCC_C_LANGUAGE_STANDARD = gnu99;
				GCC_WARN_64_TO_32_BIT_CONVERSION = YES;
				GCC_WARN_ABOUT_RETURN_TYPE = YES_ERROR;
				GCC_WARN_UNDECLARED_SELECTOR = YES;
				GCC_WARN_UNINITIALIZED_AUTOS = YES_AGGRESSIVE;
				GCC_WARN_UNUSED_FUNCTION = YES;
				GCC_WARN_UNUSED_VARIABLE = YES;
				IPHONEOS_DEPLOYMENT_TARGET = 8.0;
				MTL_ENABLE_DEBUG_INFO = NO;
				SDKROOT = iphoneos;
				VALIDATE_PRODUCT = YES;
			};
			name = Release;
		};
		2CAC4CC119D83E7600AA00F2 /* Debug */ = {
			isa = XCBuildConfiguration;
			buildSettings = {
				ASSETCATALOG_COMPILER_APPICON_NAME = AppIcon;
				INFOPLIST_FILE = TestSceneKit/Info.plist;
				LD_RUNPATH_SEARCH_PATHS = "$(inherited) @executable_path/Frameworks";
				PRODUCT_NAME = "$(TARGET_NAME)";
			};
			name = Debug;
		};
		2CAC4CC219D83E7600AA00F2 /* Release */ = {
			isa = XCBuildConfiguration;
			buildSettings = {
				ASSETCATALOG_COMPILER_APPICON_NAME = AppIcon;
				INFOPLIST_FILE = TestSceneKit/Info.plist;
				LD_RUNPATH_SEARCH_PATHS = "$(inherited) @executable_path/Frameworks";
				PRODUCT_NAME = "$(TARGET_NAME)";
			};
			name = Release;
		};
		2CAC4CC419D83E7600AA00F2 /* Debug */ = {
			isa = XCBuildConfiguration;
			buildSettings = {
				BUNDLE_LOADER = "$(TEST_HOST)";
				FRAMEWORK_SEARCH_PATHS = (
					"$(SDKROOT)/Developer/Library/Frameworks",
					"$(inherited)",
				);
				GCC_PREPROCESSOR_DEFINITIONS = (
					"DEBUG=1",
					"$(inherited)",
				);
				INFOPLIST_FILE = TestSceneKitTests/Info.plist;
				LD_RUNPATH_SEARCH_PATHS = "$(inherited) @executable_path/Frameworks @loader_path/Frameworks";
				PRODUCT_NAME = "$(TARGET_NAME)";
				TEST_HOST = "$(BUILT_PRODUCTS_DIR)/TestSceneKit.app/TestSceneKit";
			};
			name = Debug;
		};
		2CAC4CC519D83E7600AA00F2 /* Release */ = {
			isa = XCBuildConfiguration;
			buildSettings = {
				BUNDLE_LOADER = "$(TEST_HOST)";
				FRAMEWORK_SEARCH_PATHS = (
					"$(SDKROOT)/Developer/Library/Frameworks",
					"$(inherited)",
				);
				INFOPLIST_FILE = TestSceneKitTests/Info.plist;
				LD_RUNPATH_SEARCH_PATHS = "$(inherited) @executable_path/Frameworks @loader_path/Frameworks";
				PRODUCT_NAME = "$(TARGET_NAME)";
				TEST_HOST = "$(BUILT_PRODUCTS_DIR)/TestSceneKit.app/TestSceneKit";
			};
			name = Release;
		};
/* End XCBuildConfiguration section */

/* Begin XCConfigurationList section */
		2CAC4C9A19D83E7600AA00F2 /* Build configuration list for PBXProject "TestSceneKit" */ = {
			isa = XCConfigurationList;
			buildConfigurations = (
				2CAC4CBE19D83E7600AA00F2 /* Debug */,
				2CAC4CBF19D83E7600AA00F2 /* Release */,
			);
			defaultConfigurationIsVisible = 0;
			defaultConfigurationName = Release;
		};
		2CAC4CC019D83E7600AA00F2 /* Build configuration list for PBXNativeTarget "TestSceneKit" */ = {
			isa = XCConfigurationList;
			buildConfigurations = (
				2CAC4CC119D83E7600AA00F2 /* Debug */,
				2CAC4CC219D83E7600AA00F2 /* Release */,
			);
			defaultConfigurationIsVisible = 0;
		};
		2CAC4CC319D83E7600AA00F2 /* Build configuration list for PBXNativeTarget "TestSceneKitTests" */ = {
			isa = XCConfigurationList;
			buildConfigurations = (
				2CAC4CC419D83E7600AA00F2 /* Debug */,
				2CAC4CC519D83E7600AA00F2 /* Release */,
			);
			defaultConfigurationIsVisible = 0;
		};
/* End XCConfigurationList section */
	};
	rootObject = 2CAC4C9719D83E7600AA00F2 /* Project object */;
}
